
Microsoft Visual Studio Solution File, Format Version 12.00
# Visual Studio Version 17
VisualStudioVersion = 17.5.33516.290
MinimumVisualStudioVersion = 10.0.40219.1
Project("{9A19103F-16F7-4668-BE54-9A1E7A4F7556}") = "Lab_9", "Lab_9.csproj", "{4ED0E7AD-339B-4097-A738-AA4DE91F0BF1}"
EndProject
Project("{FAE04EC0-301F-11D3-BF4B-00C04F79EFBC}") = "TestLab9", "..\TestLab9\TestLab9.csproj", "{96D28980-9BC7-4C24-89CF-C566C917E50F}"
EndProject
Global
	GlobalSection(SolutionConfigurationPlatforms) = preSolution
		Debug|Any CPU = Debug|Any CPU
		Release|Any CPU = Release|Any CPU
	EndGlobalSection
	GlobalSection(ProjectConfigurationPlatforms) = postSolution
		{4ED0E7AD-339B-4097-A738-AA4DE91F0BF1}.Debug|Any CPU.ActiveCfg = Debug|Any CPU
		{4ED0E7AD-339B-4097-A738-AA4DE91F0BF1}.Debug|Any CPU.Build.0 = Debug|Any CPU
		{4ED0E7AD-339B-4097-A738-AA4DE91F0BF1}.Release|Any CPU.ActiveCfg = Release|Any CPU
		{4ED0E7AD-339B-4097-A738-AA4DE91F0BF1}.Release|Any CPU.Build.0 = Release|Any CPU
		{96D28980-9BC7-4C24-89CF-C566C917E50F}.Debug|Any CPU.ActiveCfg = Debug|Any CPU
		{96D28980-9BC7-4C24-89CF-C566C917E50F}.Debug|Any CPU.Build.0 = Debug|Any CPU
		{96D28980-9BC7-4C24-89CF-C566C917E50F}.Release|Any CPU.ActiveCfg = Release|Any CPU
		{96D28980-9BC7-4C24-89CF-C566C917E50F}.Release|Any CPU.Build.0 = Release|Any CPU
	EndGlobalSection
	GlobalSection(SolutionProperties) = preSolution
		HideSolutionNode = FALSE
	EndGlobalSection
	GlobalSection(ExtensibilityGlobals) = postSolution
		SolutionGuid = {BF2201E1-7561-4505-B709-8129B5452B06}
	EndGlobalSection
EndGlobal
